PODS:
  - AMScrollingNavbar (1.3.4)
  - BBBadgeBarButtonItem (1.1)
  - Canvas (0.1.2)
  - CSStickyHeaderFlowLayout (0.2.4)
  - CWStatusBarNotification (2.2.4)
  - Mixpanel (2.7.3):
    - Mixpanel/MPCategoryHelpers (= 2.7.3)
  - Mixpanel/MPCategoryHelpers (2.7.3)
  - UIImage+BlurredFrame (0.0.4)

DEPENDENCIES:
  - AMScrollingNavbar
  - BBBadgeBarButtonItem
  - Canvas
  - CSStickyHeaderFlowLayout
  - CWStatusBarNotification (~> 2.2.4)
  - Mixpanel
  - UIImage+BlurredFrame

SPEC CHECKSUMS:
  AMScrollingNavbar: 3318f0cc0fd24c972d5e8c84112edcfe61529506
  BBBadgeBarButtonItem: 958744e7c429e467b14af983040dbaae105b3355
  Canvas: eb861e3b555d032648146c8ffda1a5dea40059ca
  CSStickyHeaderFlowLayout: a04d4bc7d6f6668073d19d22d42c27a682dd71da
  CWStatusBarNotification: 24ea6215e9b4a0cea66f8377fb0130f313e0b3d4
  Mixpanel: 1d387d76800e07e953958c62c97fea27f13632dd
  UIImage+BlurredFrame: ad2f7195c6947ea3117c7d202f75a51958d5061a

COCOAPODS: 0.36.3
